
Microsoft Visual Studio Solution File, Format Version 12.00
# Visual Studio 15
Project("{FAE04EC0-301F-11D3-BF4B-00C04F79EFBC}") = "Assembly-CSharp", "Assembly-CSharp.csproj", "{50C930EE-34D9-3E34-85AD-245C27686BCD}"
EndProject
Project("{FAE04EC0-301F-11D3-BF4B-00C04F79EFBC}") = "Assembly-CSharp-firstpass", "Assembly-CSharp-firstpass.csproj", "{6EBBDCEC-A8C0-A83B-B2BF-E26AF8087C11}"
EndProject
Project("{FAE04EC0-301F-11D3-BF4B-00C04F79EFBC}") = "Assembly-CSharp-Editor", "Assembly-CSharp-Editor.csproj", "{A12BCC71-4BAE-1CB0-492B-B9BBA4002FEA}"
EndProject
Project("{FAE04EC0-301F-11D3-BF4B-00C04F79EFBC}") = "Assembly-CSharp-Editor-firstpass", "Assembly-CSharp-Editor-firstpass.csproj", "{6AE269DE-E147-C7A2-543E-A94B55EDBE97}"
EndProject
Global
	GlobalSection(SolutionConfigurationPlatforms) = preSolution
		Debug|Any CPU = Debug|Any CPU
		Release|Any CPU = Release|Any CPU
	EndGlobalSection
	GlobalSection(ProjectConfigurationPlatforms) = postSolution
		{50C930EE-34D9-3E34-85AD-245C27686BCD}.Debug|Any CPU.ActiveCfg = Debug|Any CPU
		{50C930EE-34D9-3E34-85AD-245C27686BCD}.Debug|Any CPU.Build.0 = Debug|Any CPU
		{50C930EE-34D9-3E34-85AD-245C27686BCD}.Release|Any CPU.ActiveCfg = Release|Any CPU
		{50C930EE-34D9-3E34-85AD-245C27686BCD}.Release|Any CPU.Build.0 = Release|Any CPU
		{6EBBDCEC-A8C0-A83B-B2BF-E26AF8087C11}.Debug|Any CPU.ActiveCfg = Debug|Any CPU
		{6EBBDCEC-A8C0-A83B-B2BF-E26AF8087C11}.Debug|Any CPU.Build.0 = Debug|Any CPU
		{6EBBDCEC-A8C0-A83B-B2BF-E26AF8087C11}.Release|Any CPU.ActiveCfg = Release|Any CPU
		{6EBBDCEC-A8C0-A83B-B2BF-E26AF8087C11}.Release|Any CPU.Build.0 = Release|Any CPU
		{A12BCC71-4BAE-1CB0-492B-B9BBA4002FEA}.Debug|Any CPU.ActiveCfg = Debug|Any CPU
		{A12BCC71-4BAE-1CB0-492B-B9BBA4002FEA}.Debug|Any CPU.Build.0 = Debug|Any CPU
		{A12BCC71-4BAE-1CB0-492B-B9BBA4002FEA}.Release|Any CPU.ActiveCfg = Release|Any CPU
		{A12BCC71-4BAE-1CB0-492B-B9BBA4002FEA}.Release|Any CPU.Build.0 = Release|Any CPU
		{6AE269DE-E147-C7A2-543E-A94B55EDBE97}.Debug|Any CPU.ActiveCfg = Debug|Any CPU
		{6AE269DE-E147-C7A2-543E-A94B55EDBE97}.Debug|Any CPU.Build.0 = Debug|Any CPU
		{6AE269DE-E147-C7A2-543E-A94B55EDBE97}.Release|Any CPU.ActiveCfg = Release|Any CPU
		{6AE269DE-E147-C7A2-543E-A94B55EDBE97}.Release|Any CPU.Build.0 = Release|Any CPU
	EndGlobalSection
	GlobalSection(SolutionProperties) = preSolution
		HideSolutionNode = FALSE
	EndGlobalSection
	GlobalSection(MonoDevelopProperties) = preSolution
		StartupItem = Assembly-CSharp.csproj
	EndGlobalSection
EndGlobal
